
Microsoft Visual Studio Solution File, Format Version 12.00
# Visual Studio Version 16
VisualStudioVersion = 16.0.31515.178
MinimumVisualStudioVersion = 10.0.40219.1
Project("{FAE04EC0-301F-11D3-BF4B-00C04F79EFBC}") = "DataGridHeaderFilter", "DataGridHeaderFilter.csproj", "{9E676EB7-E59D-451C-8EF5-19572CF89DEC}"
EndProject
Global
	GlobalSection(SolutionConfigurationPlatforms) = preSolution
		Debug|Any CPU = Debug|Any CPU
		Release|Any CPU = Release|Any CPU
	EndGlobalSection
	GlobalSection(ProjectConfigurationPlatforms) = postSolution
		{9E676EB7-E59D-451C-8EF5-19572CF89DEC}.Debug|Any CPU.ActiveCfg = Debug|Any CPU
		{9E676EB7-E59D-451C-8EF5-19572CF89DEC}.Debug|Any CPU.Build.0 = Debug|Any CPU
		{9E676EB7-E59D-451C-8EF5-19572CF89DEC}.Release|Any CPU.ActiveCfg = Release|Any CPU
		{9E676EB7-E59D-451C-8EF5-19572CF89DEC}.Release|Any CPU.Build.0 = Release|Any CPU
	EndGlobalSection
	GlobalSection(SolutionProperties) = preSolution
		HideSolutionNode = FALSE
	EndGlobalSection
	GlobalSection(ExtensibilityGlobals) = postSolution
		SolutionGuid = {A2BCD60A-C0E1-4C57-929E-6A434DC984E0}
	EndGlobalSection
EndGlobal
